
Microsoft Visual Studio Solution File, Format Version 12.00
# Visual Studio 15
VisualStudioVersion = 15.0.27004.2010
MinimumVisualStudioVersion = 10.0.40219.1
Project("{FAE04EC0-301F-11D3-BF4B-00C04F79EFBC}") = "ControleAcesso", "ControleAcesso\ControleAcesso.csproj", "{2E57142A-044C-485B-AE6C-8E551227F7FD}"
EndProject
Global
	GlobalSection(SolutionConfigurationPlatforms) = preSolution
		Debug|Any CPU = Debug|Any CPU
		Release|Any CPU = Release|Any CPU
	EndGlobalSection
	GlobalSection(ProjectConfigurationPlatforms) = postSolution
		{2E57142A-044C-485B-AE6C-8E551227F7FD}.Debug|Any CPU.ActiveCfg = Debug|Any CPU
		{2E57142A-044C-485B-AE6C-8E551227F7FD}.Debug|Any CPU.Build.0 = Debug|Any CPU
		{2E57142A-044C-485B-AE6C-8E551227F7FD}.Release|Any CPU.ActiveCfg = Release|Any CPU
		{2E57142A-044C-485B-AE6C-8E551227F7FD}.Release|Any CPU.Build.0 = Release|Any CPU
	EndGlobalSection
	GlobalSection(SolutionProperties) = preSolution
		HideSolutionNode = FALSE
	EndGlobalSection
	GlobalSection(ExtensibilityGlobals) = postSolution
		SolutionGuid = {5F0D2ED9-55AE-448D-9BCE-83002FBE7CDF}
	EndGlobalSection
EndGlobal
